
Microsoft Visual Studio Solution File, Format Version 12.00
# Visual Studio 2012
Project("{FAE04EC0-301F-11D3-BF4B-00C04F79EFBC}") = "Chicken4WP8", "Chicken4WP8\Chicken4WP8.csproj", "{8CE0DC47-EF98-4479-B047-DC48BB277612}"
EndProject
Project("{FAE04EC0-301F-11D3-BF4B-00C04F79EFBC}") = "Tweetinvi", "Tweetinvi\Tweetinvi.csproj", "{C03B362B-6779-4EF6-8A92-1593079FFE54}"
EndProject
Project("{FAE04EC0-301F-11D3-BF4B-00C04F79EFBC}") = "Tweetinvi.Controllers", "Tweetinvi.Controllers\Tweetinvi.Controllers.csproj", "{6048BD01-3CEF-4668-80D8-615914CC85A2}"
EndProject
Project("{FAE04EC0-301F-11D3-BF4B-00C04F79EFBC}") = "Tweetinvi.Core", "Tweetinvi.Core\Tweetinvi.Core.csproj", "{CD1AE921-D88A-4145-87B6-B82F276872F8}"
EndProject
Project("{FAE04EC0-301F-11D3-BF4B-00C04F79EFBC}") = "Tweetinvi.Credentials", "Tweetinvi.Credentials\Tweetinvi.Credentials.csproj", "{612CDDA5-C4CE-421F-BF86-C542316F12AB}"
EndProject
Project("{FAE04EC0-301F-11D3-BF4B-00C04F79EFBC}") = "Tweetinvi.Factories", "Tweetinvi.Factories\Tweetinvi.Factories.csproj", "{D39434BF-9482-48F0-8717-C02C420C7E4F}"
EndProject
Project("{FAE04EC0-301F-11D3-BF4B-00C04F79EFBC}") = "Tweetinvi.Logic", "Tweetinvi.Logic\Tweetinvi.Logic.csproj", "{1C74B83B-4B84-44E2-AFD7-1468BB90306D}"
EndProject
Project("{FAE04EC0-301F-11D3-BF4B-00C04F79EFBC}") = "Tweetinvi.Security", "Tweetinvi.Security\Tweetinvi.Security.csproj", "{9CA25A79-3ED2-42EB-A497-1BE3F8A2B298}"
EndProject
Project("{FAE04EC0-301F-11D3-BF4B-00C04F79EFBC}") = "Tweetinvi.Streams", "Tweetinvi.Streams\Tweetinvi.Streams.csproj", "{1EE99D68-D7CB-403B-830E-AEE8B87705FA}"
EndProject
Project("{FAE04EC0-301F-11D3-BF4B-00C04F79EFBC}") = "Tweetinvi.WebLogic", "Tweetinvi.WebLogic\Tweetinvi.WebLogic.csproj", "{059849D4-DFC0-42BC-8B34-0AD2DF3210C7}"
EndProject
Project("{FAE04EC0-301F-11D3-BF4B-00C04F79EFBC}") = "Tweetinvi.Resource", "Tweetinvi.Resource\Tweetinvi.Resource.csproj", "{DFC77F51-5064-4AEB-99A6-3BD6DEB3F245}"
EndProject
Global
	GlobalSection(SolutionConfigurationPlatforms) = preSolution
		Debug|Any CPU = Debug|Any CPU
		Debug|ARM = Debug|ARM
		Debug|x86 = Debug|x86
		Release|Any CPU = Release|Any CPU
		Release|ARM = Release|ARM
		Release|x86 = Release|x86
	EndGlobalSection
	GlobalSection(ProjectConfigurationPlatforms) = postSolution
		{8CE0DC47-EF98-4479-B047-DC48BB277612}.Debug|Any CPU.ActiveCfg = Debug|Any CPU
		{8CE0DC47-EF98-4479-B047-DC48BB277612}.Debug|Any CPU.Build.0 = Debug|Any CPU
		{8CE0DC47-EF98-4479-B047-DC48BB277612}.Debug|Any CPU.Deploy.0 = Debug|Any CPU
		{8CE0DC47-EF98-4479-B047-DC48BB277612}.Debug|ARM.ActiveCfg = Debug|ARM
		{8CE0DC47-EF98-4479-B047-DC48BB277612}.Debug|ARM.Build.0 = Debug|ARM
		{8CE0DC47-EF98-4479-B047-DC48BB277612}.Debug|ARM.Deploy.0 = Debug|ARM
		{8CE0DC47-EF98-4479-B047-DC48BB277612}.Debug|x86.ActiveCfg = Debug|x86
		{8CE0DC47-EF98-4479-B047-DC48BB277612}.Debug|x86.Build.0 = Debug|x86
		{8CE0DC47-EF98-4479-B047-DC48BB277612}.Debug|x86.Deploy.0 = Debug|x86
		{8CE0DC47-EF98-4479-B047-DC48BB277612}.Release|Any CPU.ActiveCfg = Release|Any CPU
		{8CE0DC47-EF98-4479-B047-DC48BB277612}.Release|Any CPU.Build.0 = Release|Any CPU
		{8CE0DC47-EF98-4479-B047-DC48BB277612}.Release|Any CPU.Deploy.0 = Release|Any CPU
		{8CE0DC47-EF98-4479-B047-DC48BB277612}.Release|ARM.ActiveCfg = Release|ARM
		{8CE0DC47-EF98-4479-B047-DC48BB277612}.Release|ARM.Build.0 = Release|ARM
		{8CE0DC47-EF98-4479-B047-DC48BB277612}.Release|ARM.Deploy.0 = Release|ARM
		{8CE0DC47-EF98-4479-B047-DC48BB277612}.Release|x86.ActiveCfg = Release|x86
		{8CE0DC47-EF98-4479-B047-DC48BB277612}.Release|x86.Build.0 = Release|x86
		{8CE0DC47-EF98-4479-B047-DC48BB277612}.Release|x86.Deploy.0 = Release|x86
		{C03B362B-6779-4EF6-8A92-1593079FFE54}.Debug|Any CPU.ActiveCfg = Debug|Any CPU
		{C03B362B-6779-4EF6-8A92-1593079FFE54}.Debug|Any CPU.Build.0 = Debug|Any CPU
		{C03B362B-6779-4EF6-8A92-1593079FFE54}.Debug|ARM.ActiveCfg = Debug|Any CPU
		{C03B362B-6779-4EF6-8A92-1593079FFE54}.Debug|x86.ActiveCfg = Debug|Any CPU
		{C03B362B-6779-4EF6-8A92-1593079FFE54}.Release|Any CPU.ActiveCfg = Release|Any CPU
		{C03B362B-6779-4EF6-8A92-1593079FFE54}.Release|Any CPU.Build.0 = Release|Any CPU
		{C03B362B-6779-4EF6-8A92-1593079FFE54}.Release|ARM.ActiveCfg = Release|Any CPU
		{C03B362B-6779-4EF6-8A92-1593079FFE54}.Release|x86.ActiveCfg = Release|Any CPU
		{6048BD01-3CEF-4668-80D8-615914CC85A2}.Debug|Any CPU.ActiveCfg = Debug|Any CPU
		{6048BD01-3CEF-4668-80D8-615914CC85A2}.Debug|Any CPU.Build.0 = Debug|Any CPU
		{6048BD01-3CEF-4668-80D8-615914CC85A2}.Debug|ARM.ActiveCfg = Debug|Any CPU
		{6048BD01-3CEF-4668-80D8-615914CC85A2}.Debug|x86.ActiveCfg = Debug|Any CPU
		{6048BD01-3CEF-4668-80D8-615914CC85A2}.Release|Any CPU.ActiveCfg = Release|Any CPU
		{6048BD01-3CEF-4668-80D8-615914CC85A2}.Release|Any CPU.Build.0 = Release|Any CPU
		{6048BD01-3CEF-4668-80D8-615914CC85A2}.Release|ARM.ActiveCfg = Release|Any CPU
		{6048BD01-3CEF-4668-80D8-615914CC85A2}.Release|x86.ActiveCfg = Release|Any CPU
		{CD1AE921-D88A-4145-87B6-B82F276872F8}.Debug|Any CPU.ActiveCfg = Debug|Any CPU
		{CD1AE921-D88A-4145-87B6-B82F276872F8}.Debug|Any CPU.Build.0 = Debug|Any CPU
		{CD1AE921-D88A-4145-87B6-B82F276872F8}.Debug|ARM.ActiveCfg = Debug|Any CPU
		{CD1AE921-D88A-4145-87B6-B82F276872F8}.Debug|x86.ActiveCfg = Debug|Any CPU
		{CD1AE921-D88A-4145-87B6-B82F276872F8}.Release|Any CPU.ActiveCfg = Release|Any CPU
		{CD1AE921-D88A-4145-87B6-B82F276872F8}.Release|Any CPU.Build.0 = Release|Any CPU
		{CD1AE921-D88A-4145-87B6-B82F276872F8}.Release|ARM.ActiveCfg = Release|Any CPU
		{CD1AE921-D88A-4145-87B6-B82F276872F8}.Release|x86.ActiveCfg = Release|Any CPU
		{612CDDA5-C4CE-421F-BF86-C542316F12AB}.Debug|Any CPU.ActiveCfg = Debug|Any CPU
		{612CDDA5-C4CE-421F-BF86-C542316F12AB}.Debug|Any CPU.Build.0 = Debug|Any CPU
		{612CDDA5-C4CE-421F-BF86-C542316F12AB}.Debug|ARM.ActiveCfg = Debug|Any CPU
		{612CDDA5-C4CE-421F-BF86-C542316F12AB}.Debug|x86.ActiveCfg = Debug|Any CPU
		{612CDDA5-C4CE-421F-BF86-C542316F12AB}.Release|Any CPU.ActiveCfg = Release|Any CPU
		{612CDDA5-C4CE-421F-BF86-C542316F12AB}.Release|Any CPU.Build.0 = Release|Any CPU
		{612CDDA5-C4CE-421F-BF86-C542316F12AB}.Release|ARM.ActiveCfg = Release|Any CPU
		{612CDDA5-C4CE-421F-BF86-C542316F12AB}.Release|x86.ActiveCfg = Release|Any CPU
		{D39434BF-9482-48F0-8717-C02C420C7E4F}.Debug|Any CPU.ActiveCfg = Debug|Any CPU
		{D39434BF-9482-48F0-8717-C02C420C7E4F}.Debug|Any CPU.Build.0 = Debug|Any CPU
		{D39434BF-9482-48F0-8717-C02C420C7E4F}.Debug|ARM.ActiveCfg = Debug|Any CPU
		{D39434BF-9482-48F0-8717-C02C420C7E4F}.Debug|x86.ActiveCfg = Debug|Any CPU
		{D39434BF-9482-48F0-8717-C02C420C7E4F}.Release|Any CPU.ActiveCfg = Release|Any CPU
		{D39434BF-9482-48F0-8717-C02C420C7E4F}.Release|Any CPU.Build.0 = Release|Any CPU
		{D39434BF-9482-48F0-8717-C02C420C7E4F}.Release|ARM.ActiveCfg = Release|Any CPU
		{D39434BF-9482-48F0-8717-C02C420C7E4F}.Release|x86.ActiveCfg = Release|Any CPU
		{1C74B83B-4B84-44E2-AFD7-1468BB90306D}.Debug|Any CPU.ActiveCfg = Debug|Any CPU
		{1C74B83B-4B84-44E2-AFD7-1468BB90306D}.Debug|Any CPU.Build.0 = Debug|Any CPU
		{1C74B83B-4B84-44E2-AFD7-1468BB90306D}.Debug|ARM.ActiveCfg = Debug|Any CPU
		{1C74B83B-4B84-44E2-AFD7-1468BB90306D}.Debug|x86.ActiveCfg = Debug|Any CPU
		{1C74B83B-4B84-44E2-AFD7-1468BB90306D}.Release|Any CPU.ActiveCfg = Release|Any CPU
		{1C74B83B-4B84-44E2-AFD7-1468BB90306D}.Release|Any CPU.Build.0 = Release|Any CPU
		{1C74B83B-4B84-44E2-AFD7-1468BB90306D}.Release|ARM.ActiveCfg = Release|Any CPU
		{1C74B83B-4B84-44E2-AFD7-1468BB90306D}.Release|x86.ActiveCfg = Release|Any CPU
		{9CA25A79-3ED2-42EB-A497-1BE3F8A2B298}.Debug|Any CPU.ActiveCfg = Debug|Any CPU
		{9CA25A79-3ED2-42EB-A497-1BE3F8A2B298}.Debug|Any CPU.Build.0 = Debug|Any CPU
		{9CA25A79-3ED2-42EB-A497-1BE3F8A2B298}.Debug|ARM.ActiveCfg = Debug|Any CPU
		{9CA25A79-3ED2-42EB-A497-1BE3F8A2B298}.Debug|x86.ActiveCfg = Debug|Any CPU
		{9CA25A79-3ED2-42EB-A497-1BE3F8A2B298}.Release|Any CPU.ActiveCfg = Release|Any CPU
		{9CA25A79-3ED2-42EB-A497-1BE3F8A2B298}.Release|Any CPU.Build.0 = Release|Any CPU
		{9CA25A79-3ED2-42EB-A497-1BE3F8A2B298}.Release|ARM.ActiveCfg = Release|Any CPU
		{9CA25A79-3ED2-42EB-A497-1BE3F8A2B298}.Release|x86.ActiveCfg = Release|Any CPU
		{1EE99D68-D7CB-403B-830E-AEE8B87705FA}.Debug|Any CPU.ActiveCfg = Debug|Any CPU
		{1EE99D68-D7CB-403B-830E-AEE8B87705FA}.Debug|Any CPU.Build.0 = Debug|Any CPU
		{1EE99D68-D7CB-403B-830E-AEE8B87705FA}.Debug|ARM.ActiveCfg = Debug|Any CPU
		{1EE99D68-D7CB-403B-830E-AEE8B87705FA}.Debug|x86.ActiveCfg = Debug|Any CPU
		{1EE99D68-D7CB-403B-830E-AEE8B87705FA}.Release|Any CPU.ActiveCfg = Release|Any CPU
		{1EE99D68-D7CB-403B-830E-AEE8B87705FA}.Release|Any CPU.Build.0 = Release|Any CPU
		{1EE99D68-D7CB-403B-830E-AEE8B87705FA}.Release|ARM.ActiveCfg = Release|Any CPU
		{1EE99D68-D7CB-403B-830E-AEE8B87705FA}.Release|x86.ActiveCfg = Release|Any CPU
		{059849D4-DFC0-42BC-8B34-0AD2DF3210C7}.Debug|Any CPU.ActiveCfg = Debug|Any CPU
		{059849D4-DFC0-42BC-8B34-0AD2DF3210C7}.Debug|Any CPU.Build.0 = Debug|Any CPU
		{059849D4-DFC0-42BC-8B34-0AD2DF3210C7}.Debug|ARM.ActiveCfg = Debug|Any CPU
		{059849D4-DFC0-42BC-8B34-0AD2DF3210C7}.Debug|x86.ActiveCfg = Debug|Any CPU
		{059849D4-DFC0-42BC-8B34-0AD2DF3210C7}.Release|Any CPU.ActiveCfg = Release|Any CPU
		{059849D4-DFC0-42BC-8B34-0AD2DF3210C7}.Release|Any CPU.Build.0 = Release|Any CPU
		{059849D4-DFC0-42BC-8B34-0AD2DF3210C7}.Release|ARM.ActiveCfg = Release|Any CPU
		{059849D4-DFC0-42BC-8B34-0AD2DF3210C7}.Release|x86.ActiveCfg = Release|Any CPU
		{DFC77F51-5064-4AEB-99A6-3BD6DEB3F245}.Debug|Any CPU.ActiveCfg = Debug|Any CPU
		{DFC77F51-5064-4AEB-99A6-3BD6DEB3F245}.Debug|Any CPU.Build.0 = Debug|Any CPU
		{DFC77F51-5064-4AEB-99A6-3BD6DEB3F245}.Debug|ARM.ActiveCfg = Debug|Any CPU
		{DFC77F51-5064-4AEB-99A6-3BD6DEB3F245}.Debug|x86.ActiveCfg = Debug|Any CPU
		{DFC77F51-5064-4AEB-99A6-3BD6DEB3F245}.Release|Any CPU.ActiveCfg = Release|Any CPU
		{DFC77F51-5064-4AEB-99A6-3BD6DEB3F245}.Release|Any CPU.Build.0 = Release|Any CPU
		{DFC77F51-5064-4AEB-99A6-3BD6DEB3F245}.Release|ARM.ActiveCfg = Release|Any CPU
		{DFC77F51-5064-4AEB-99A6-3BD6DEB3F245}.Release|x86.ActiveCfg = Release|Any CPU
	EndGlobalSection
	GlobalSection(SolutionProperties) = preSolution
		HideSolutionNode = FALSE
	EndGlobalSection
EndGlobal
